[root]
name = "alfred-crates"
version = "0.1.0"
dependencies = [
 "alfred 2.0.1 (registry+https://github.com/rust-lang/crates.io-index)",
 "crates-io 0.5.0 (registry+https://github.com/rust-lang/crates.io-index)",
]

[[package]]
name = "alfred"
version = "2.0.1"
source = "registry+https://github.com/rust-lang/crates.io-index"
dependencies = [
 "rustc-serialize 0.3.22 (registry+https://github.com/rust-lang/crates.io-index)",
]

[[package]]
name = "crates-io"
version = "0.5.0"
source = "registry+https://github.com/rust-lang/crates.io-index"
dependencies = [
 "curl 0.4.4 (registry+https://github.com/rust-lang/crates.io-index)",
 "rustc-serialize 0.3.22 (registry+https://github.com/rust-lang/crates.io-index)",
 "url 1.4.0 (registry+https://github.com/rust-lang/crates.io-index)",
]

[[package]]
name = "curl"
version = "0.4.4"
source = "registry+https://github.com/rust-lang/crates.io-index"
dependencies = [
 "curl-sys 0.3.7 (registry+https://github.com/rust-lang/crates.io-index)",
 "libc 0.2.20 (registry+https://github.com/rust-lang/crates.io-index)",
 "openssl-probe 0.1.0 (registry+https://github.com/rust-lang/crates.io-index)",
 "openssl-sys 0.9.6 (registry+https://github.com/rust-lang/crates.io-index)",
 "winapi 0.2.8 (registry+https://github.com/rust-lang/crates.io-index)",
]

[[package]]
name = "curl-sys"
version = "0.3.7"
source = "registry+https://github.com/rust-lang/crates.io-index"
dependencies = [
 "gcc 0.3.42 (registry+https://github.com/rust-lang/crates.io-index)",
 "libc 0.2.20 (registry+https://github.com/rust-lang/crates.io-index)",
 "libz-sys 1.0.12 (registry+https://github.com/rust-lang/crates.io-index)",
 "openssl-sys 0.9.6 (registry+https://github.com/rust-lang/crates.io-index)",
 "pkg-config 0.3.9 (registry+https://github.com/rust-lang/crates.io-index)",
 "winapi 0.2.8 (registry+https://github.com/rust-lang/crates.io-index)",
]

[[package]]
name = "error-chain"
version = "0.7.2"
source = "registry+https://github.com/rust-lang/crates.io-index"

[[package]]
name = "gcc"
version = "0.3.42"
source = "registry+https://github.com/rust-lang/crates.io-index"

[[package]]
name = "gdi32-sys"
version = "0.2.0"
source = "registry+https://github.com/rust-lang/crates.io-index"
dependencies = [
 "winapi 0.2.8 (registry+https://github.com/rust-lang/crates.io-index)",
 "winapi-build 0.1.1 (registry+https://github.com/rust-lang/crates.io-index)",
]

[[package]]
name = "idna"
version = "0.1.0"
source = "registry+https://github.com/rust-lang/crates.io-index"
dependencies = [
 "matches 0.1.4 (registry+https://github.com/rust-lang/crates.io-index)",
 "unicode-bidi 0.2.4 (registry+https://github.com/rust-lang/crates.io-index)",
 "unicode-normalization 0.1.3 (registry+https://github.com/rust-lang/crates.io-index)",
]

[[package]]
name = "libc"
version = "0.2.20"
source = "registry+https://github.com/rust-lang/crates.io-index"

[[package]]
name = "libz-sys"
version = "1.0.12"
source = "registry+https://github.com/rust-lang/crates.io-index"
dependencies = [
 "gcc 0.3.42 (registry+https://github.com/rust-lang/crates.io-index)",
 "libc 0.2.20 (registry+https://github.com/rust-lang/crates.io-index)",
 "pkg-config 0.3.9 (registry+https://github.com/rust-lang/crates.io-index)",
]

[[package]]
name = "matches"
version = "0.1.4"
source = "registry+https://github.com/rust-lang/crates.io-index"

[[package]]
name = "metadeps"
version = "1.1.1"
source = "registry+https://github.com/rust-lang/crates.io-index"
dependencies = [
 "error-chain 0.7.2 (registry+https://github.com/rust-lang/crates.io-index)",
 "pkg-config 0.3.9 (registry+https://github.com/rust-lang/crates.io-index)",
 "toml 0.2.1 (registry+https://github.com/rust-lang/crates.io-index)",
]

[[package]]
name = "openssl-probe"
version = "0.1.0"
source = "registry+https://github.com/rust-lang/crates.io-index"

[[package]]
name = "openssl-sys"
version = "0.9.6"
source = "registry+https://github.com/rust-lang/crates.io-index"
dependencies = [
 "gdi32-sys 0.2.0 (registry+https://github.com/rust-lang/crates.io-index)",
 "libc 0.2.20 (registry+https://github.com/rust-lang/crates.io-index)",
 "metadeps 1.1.1 (registry+https://github.com/rust-lang/crates.io-index)",
 "user32-sys 0.2.0 (registry+https://github.com/rust-lang/crates.io-index)",
]

[[package]]
name = "pkg-config"
version = "0.3.9"
source = "registry+https://github.com/rust-lang/crates.io-index"

[[package]]
name = "rustc-serialize"
version = "0.3.22"
source = "registry+https://github.com/rust-lang/crates.io-index"

[[package]]
name = "toml"
version = "0.2.1"
source = "registry+https://github.com/rust-lang/crates.io-index"

[[package]]
name = "unicode-bidi"
version = "0.2.4"
source = "registry+https://github.com/rust-lang/crates.io-index"
dependencies = [
 "matches 0.1.4 (registry+https://github.com/rust-lang/crates.io-index)",
]

[[package]]
name = "unicode-normalization"
version = "0.1.3"
source = "registry+https://github.com/rust-lang/crates.io-index"

[[package]]
name = "url"
version = "1.4.0"
source = "registry+https://github.com/rust-lang/crates.io-index"
dependencies = [
 "idna 0.1.0 (registry+https://github.com/rust-lang/crates.io-index)",
 "matches 0.1.4 (registry+https://github.com/rust-lang/crates.io-index)",
]

[[package]]
name = "user32-sys"
version = "0.2.0"
source = "registry+https://github.com/rust-lang/crates.io-index"
dependencies = [
 "winapi 0.2.8 (registry+https://github.com/rust-lang/crates.io-index)",
 "winapi-build 0.1.1 (registry+https://github.com/rust-lang/crates.io-index)",
]

[[package]]
name = "winapi"
version = "0.2.8"
source = "registry+https://github.com/rust-lang/crates.io-index"

[[package]]
name = "winapi-build"
version = "0.1.1"
source = "registry+https://github.com/rust-lang/crates.io-index"

[metadata]
"checksum alfred 2.0.1 (registry+https://github.com/rust-lang/crates.io-index)" = "e51ca2cadb530ab20240eef10eab930d1c913ec5356425093b6877f8533ab7b2"
"checksum crates-io 0.5.0 (registry+https://github.com/rust-lang/crates.io-index)" = "1739d2ca574588a526454009739f0f188ebe2df2db27c4669e3c3f252b0a962c"
"checksum curl 0.4.4 (registry+https://github.com/rust-lang/crates.io-index)" = "52f97f136f098f09c5d377e150afde7b29f43690cd1d80edb71409fda11c904e"
"checksum curl-sys 0.3.7 (registry+https://github.com/rust-lang/crates.io-index)" = "ec50c305e9de46198e8911556355f4aea46f2002cb25d2388d421404e91b60d9"
"checksum error-chain 0.7.2 (registry+https://github.com/rust-lang/crates.io-index)" = "318cb3c71ee4cdea69fdc9e15c173b245ed6063e1709029e8fd32525a881120f"
"checksum gcc 0.3.42 (registry+https://github.com/rust-lang/crates.io-index)" = "291055c78f59ca3d84c99026c9501c469413d386bb46be1e1cf1d285cd1db3b0"
"checksum gdi32-sys 0.2.0 (registry+https://github.com/rust-lang/crates.io-index)" = "0912515a8ff24ba900422ecda800b52f4016a56251922d397c576bf92c690518"
"checksum idna 0.1.0 (registry+https://github.com/rust-lang/crates.io-index)" = "1053236e00ce4f668aeca4a769a09b3bf5a682d802abd6f3cb39374f6b162c11"
"checksum libc 0.2.20 (registry+https://github.com/rust-lang/crates.io-index)" = "684f330624d8c3784fb9558ca46c4ce488073a8d22450415c5eb4f4cfb0d11b5"
"checksum libz-sys 1.0.12 (registry+https://github.com/rust-lang/crates.io-index)" = "7616099a575493da60cddc1174b686fcfb00ece89dc6f61f31ff47c35f07bbe8"
"checksum matches 0.1.4 (registry+https://github.com/rust-lang/crates.io-index)" = "efd7622e3022e1a6eaa602c4cea8912254e5582c9c692e9167714182244801b1"
"checksum metadeps 1.1.1 (registry+https://github.com/rust-lang/crates.io-index)" = "829fffe7ea1d747e23f64be972991bc516b2f1ac2ae4a3b33d8bea150c410151"
"checksum openssl-probe 0.1.0 (registry+https://github.com/rust-lang/crates.io-index)" = "756d49c8424483a3df3b5d735112b4da22109ced9a8294f1f5cdf80fb3810919"
"checksum openssl-sys 0.9.6 (registry+https://github.com/rust-lang/crates.io-index)" = "b1482f9a06f56c906007e17ea14d73d102210b5d27bc948bf5e175f493f3f7c3"
"checksum pkg-config 0.3.9 (registry+https://github.com/rust-lang/crates.io-index)" = "3a8b4c6b8165cd1a1cd4b9b120978131389f64bdaf456435caa41e630edba903"
"checksum rustc-serialize 0.3.22 (registry+https://github.com/rust-lang/crates.io-index)" = "237546c689f20bb44980270c73c3b9edd0891c1be49cc1274406134a66d3957b"
"checksum toml 0.2.1 (registry+https://github.com/rust-lang/crates.io-index)" = "736b60249cb25337bc196faa43ee12c705e426f3d55c214d73a4e7be06f92cb4"
"checksum unicode-bidi 0.2.4 (registry+https://github.com/rust-lang/crates.io-index)" = "b61814f3e7fd0e0f15370f767c7c943e08bc2e3214233ae8f88522b334ceb778"
"checksum unicode-normalization 0.1.3 (registry+https://github.com/rust-lang/crates.io-index)" = "5e94e9f6961090fcc75180629c4ef33e5310d6ed2c0dd173f4ca63c9043b669e"
"checksum url 1.4.0 (registry+https://github.com/rust-lang/crates.io-index)" = "f5ba8a749fb4479b043733416c244fa9d1d3af3d7c23804944651c8a448cb87e"
"checksum user32-sys 0.2.0 (registry+https://github.com/rust-lang/crates.io-index)" = "4ef4711d107b21b410a3a974b1204d9accc8b10dad75d8324b5d755de1617d47"
"checksum winapi 0.2.8 (registry+https://github.com/rust-lang/crates.io-index)" = "167dc9d6949a9b857f3451275e911c3f44255842c1f7a76f33c55103a909087a"
"checksum winapi-build 0.1.1 (registry+https://github.com/rust-lang/crates.io-index)" = "2d315eee3b34aca4797b2da6b13ed88266e6d612562a0c46390af8299fc699bc"
